
Microsoft Visual Studio Solution File, Format Version 12.00
# Visual Studio 15
VisualStudioVersion = 15.0.26403.7
MinimumVisualStudioVersion = 10.0.40219.1
Project("{FAE04EC0-301F-11D3-BF4B-00C04F79EFBC}") = "WorkWithDoubleLib", "WorkWithDoubleLib\WorkWithDoubleLib.csproj", "{AE2EF07A-2B4B-42E1-B5F6-655447C3E093}"
EndProject
Project("{FAE04EC0-301F-11D3-BF4B-00C04F79EFBC}") = "WorkWithDoubleLib.Tests", "WorkWithDoubleLib.Tests\WorkWithDoubleLib.Tests.csproj", "{E61AC061-FF81-46E0-B9C4-CDBEA8A4DFA6}"
EndProject
Project("{FAE04EC0-301F-11D3-BF4B-00C04F79EFBC}") = "AlgorithmsOfFindingGCD", "AlgorithmsOfFindingGCD\AlgorithmsOfFindingGCD.csproj", "{7AB5CB27-87EA-42B0-82FE-050326B87466}"
EndProject
Project("{FAE04EC0-301F-11D3-BF4B-00C04F79EFBC}") = "AlgorithmsOfFindingGCD.Tests", "AlgorithmsOfFindingGCD.Tests\AlgorithmsOfFindingGCD.Tests.csproj", "{485308BD-3E0C-40AD-A5B9-5AD5F431F965}"
EndProject
Project("{FAE04EC0-301F-11D3-BF4B-00C04F79EFBC}") = "Converter", "Converter\Converter.csproj", "{8DA3B8D2-0212-4E44-9C2B-E674066004F9}"
EndProject
Project("{FAE04EC0-301F-11D3-BF4B-00C04F79EFBC}") = "Converter.Tests", "Converter.Tests\Converter.Tests.csproj", "{97E8ED72-9250-4491-9318-573304769E74}"
EndProject
Global
	GlobalSection(SolutionConfigurationPlatforms) = preSolution
		Debug|Any CPU = Debug|Any CPU
		Release|Any CPU = Release|Any CPU
	EndGlobalSection
	GlobalSection(ProjectConfigurationPlatforms) = postSolution
		{AE2EF07A-2B4B-42E1-B5F6-655447C3E093}.Debug|Any CPU.ActiveCfg = Debug|Any CPU
		{AE2EF07A-2B4B-42E1-B5F6-655447C3E093}.Debug|Any CPU.Build.0 = Debug|Any CPU
		{AE2EF07A-2B4B-42E1-B5F6-655447C3E093}.Release|Any CPU.ActiveCfg = Release|Any CPU
		{AE2EF07A-2B4B-42E1-B5F6-655447C3E093}.Release|Any CPU.Build.0 = Release|Any CPU
		{E61AC061-FF81-46E0-B9C4-CDBEA8A4DFA6}.Debug|Any CPU.ActiveCfg = Debug|Any CPU
		{E61AC061-FF81-46E0-B9C4-CDBEA8A4DFA6}.Debug|Any CPU.Build.0 = Debug|Any CPU
		{E61AC061-FF81-46E0-B9C4-CDBEA8A4DFA6}.Release|Any CPU.ActiveCfg = Release|Any CPU
		{E61AC061-FF81-46E0-B9C4-CDBEA8A4DFA6}.Release|Any CPU.Build.0 = Release|Any CPU
		{7AB5CB27-87EA-42B0-82FE-050326B87466}.Debug|Any CPU.ActiveCfg = Debug|Any CPU
		{7AB5CB27-87EA-42B0-82FE-050326B87466}.Debug|Any CPU.Build.0 = Debug|Any CPU
		{7AB5CB27-87EA-42B0-82FE-050326B87466}.Release|Any CPU.ActiveCfg = Release|Any CPU
		{7AB5CB27-87EA-42B0-82FE-050326B87466}.Release|Any CPU.Build.0 = Release|Any CPU
		{485308BD-3E0C-40AD-A5B9-5AD5F431F965}.Debug|Any CPU.ActiveCfg = Debug|Any CPU
		{485308BD-3E0C-40AD-A5B9-5AD5F431F965}.Debug|Any CPU.Build.0 = Debug|Any CPU
		{485308BD-3E0C-40AD-A5B9-5AD5F431F965}.Release|Any CPU.ActiveCfg = Release|Any CPU
		{485308BD-3E0C-40AD-A5B9-5AD5F431F965}.Release|Any CPU.Build.0 = Release|Any CPU
		{8DA3B8D2-0212-4E44-9C2B-E674066004F9}.Debug|Any CPU.ActiveCfg = Debug|Any CPU
		{8DA3B8D2-0212-4E44-9C2B-E674066004F9}.Debug|Any CPU.Build.0 = Debug|Any CPU
		{8DA3B8D2-0212-4E44-9C2B-E674066004F9}.Release|Any CPU.ActiveCfg = Release|Any CPU
		{8DA3B8D2-0212-4E44-9C2B-E674066004F9}.Release|Any CPU.Build.0 = Release|Any CPU
		{97E8ED72-9250-4491-9318-573304769E74}.Debug|Any CPU.ActiveCfg = Debug|Any CPU
		{97E8ED72-9250-4491-9318-573304769E74}.Debug|Any CPU.Build.0 = Debug|Any CPU
		{97E8ED72-9250-4491-9318-573304769E74}.Release|Any CPU.ActiveCfg = Release|Any CPU
		{97E8ED72-9250-4491-9318-573304769E74}.Release|Any CPU.Build.0 = Release|Any CPU
	EndGlobalSection
	GlobalSection(SolutionProperties) = preSolution
		HideSolutionNode = FALSE
	EndGlobalSection
EndGlobal
