
Microsoft Visual Studio Solution File, Format Version 12.00
# Visual Studio 15
VisualStudioVersion = 15.0.26403.7
MinimumVisualStudioVersion = 10.0.40219.1
Project("{FAE04EC0-301F-11D3-BF4B-00C04F79EFBC}") = "BookLib", "BookLib\BookLib.csproj", "{2E93FB60-EFBC-4E4B-BAFD-AEB41B8CF5FA}"
EndProject
Project("{FAE04EC0-301F-11D3-BF4B-00C04F79EFBC}") = "BookListStorage", "BookListStorage\BookListStorage.csproj", "{9A03EDC9-6024-42AE-95FC-EAE53BB5535F}"
EndProject
Project("{FAE04EC0-301F-11D3-BF4B-00C04F79EFBC}") = "BookListService", "BookListService\BookListService.csproj", "{EB03DCC3-0E0A-4CFE-BC4F-D65DC82CB72B}"
EndProject
Global
	GlobalSection(SolutionConfigurationPlatforms) = preSolution
		Debug|Any CPU = Debug|Any CPU
		Release|Any CPU = Release|Any CPU
	EndGlobalSection
	GlobalSection(ProjectConfigurationPlatforms) = postSolution
		{2E93FB60-EFBC-4E4B-BAFD-AEB41B8CF5FA}.Debug|Any CPU.ActiveCfg = Debug|Any CPU
		{2E93FB60-EFBC-4E4B-BAFD-AEB41B8CF5FA}.Debug|Any CPU.Build.0 = Debug|Any CPU
		{2E93FB60-EFBC-4E4B-BAFD-AEB41B8CF5FA}.Release|Any CPU.ActiveCfg = Release|Any CPU
		{2E93FB60-EFBC-4E4B-BAFD-AEB41B8CF5FA}.Release|Any CPU.Build.0 = Release|Any CPU
		{9A03EDC9-6024-42AE-95FC-EAE53BB5535F}.Debug|Any CPU.ActiveCfg = Debug|Any CPU
		{9A03EDC9-6024-42AE-95FC-EAE53BB5535F}.Debug|Any CPU.Build.0 = Debug|Any CPU
		{9A03EDC9-6024-42AE-95FC-EAE53BB5535F}.Release|Any CPU.ActiveCfg = Release|Any CPU
		{9A03EDC9-6024-42AE-95FC-EAE53BB5535F}.Release|Any CPU.Build.0 = Release|Any CPU
		{EB03DCC3-0E0A-4CFE-BC4F-D65DC82CB72B}.Debug|Any CPU.ActiveCfg = Debug|Any CPU
		{EB03DCC3-0E0A-4CFE-BC4F-D65DC82CB72B}.Debug|Any CPU.Build.0 = Debug|Any CPU
		{EB03DCC3-0E0A-4CFE-BC4F-D65DC82CB72B}.Release|Any CPU.ActiveCfg = Release|Any CPU
		{EB03DCC3-0E0A-4CFE-BC4F-D65DC82CB72B}.Release|Any CPU.Build.0 = Release|Any CPU
	EndGlobalSection
	GlobalSection(SolutionProperties) = preSolution
		HideSolutionNode = FALSE
	EndGlobalSection
EndGlobal
